
Microsoft Visual Studio Solution File, Format Version 12.00
# Visual Studio Version 16
VisualStudioVersion = 16.0.31613.86
MinimumVisualStudioVersion = 10.0.40219.1
Project("{FAE04EC0-301F-11D3-BF4B-00C04F79EFBC}") = "Ads.Data", "Ads.Data\Ads.Data.csproj", "{FF6528AE-D93D-4EE6-9040-DA7B7E41D9A9}"
EndProject
Project("{FAE04EC0-301F-11D3-BF4B-00C04F79EFBC}") = "Ads.Web", "Ads.Web\Ads.Web.csproj", "{D01ABABA-AC82-4C34-9609-06A3E290D055}"
EndProject
Global
	GlobalSection(SolutionConfigurationPlatforms) = preSolution
		Debug|Any CPU = Debug|Any CPU
		Release|Any CPU = Release|Any CPU
	EndGlobalSection
	GlobalSection(ProjectConfigurationPlatforms) = postSolution
		{FF6528AE-D93D-4EE6-9040-DA7B7E41D9A9}.Debug|Any CPU.ActiveCfg = Debug|Any CPU
		{FF6528AE-D93D-4EE6-9040-DA7B7E41D9A9}.Debug|Any CPU.Build.0 = Debug|Any CPU
		{FF6528AE-D93D-4EE6-9040-DA7B7E41D9A9}.Release|Any CPU.ActiveCfg = Release|Any CPU
		{FF6528AE-D93D-4EE6-9040-DA7B7E41D9A9}.Release|Any CPU.Build.0 = Release|Any CPU
		{D01ABABA-AC82-4C34-9609-06A3E290D055}.Debug|Any CPU.ActiveCfg = Debug|Any CPU
		{D01ABABA-AC82-4C34-9609-06A3E290D055}.Debug|Any CPU.Build.0 = Debug|Any CPU
		{D01ABABA-AC82-4C34-9609-06A3E290D055}.Release|Any CPU.ActiveCfg = Release|Any CPU
		{D01ABABA-AC82-4C34-9609-06A3E290D055}.Release|Any CPU.Build.0 = Release|Any CPU
	EndGlobalSection
	GlobalSection(SolutionProperties) = preSolution
		HideSolutionNode = FALSE
	EndGlobalSection
	GlobalSection(ExtensibilityGlobals) = postSolution
		SolutionGuid = {A01030C4-2FCA-412F-8E1A-A08B90B78578}
	EndGlobalSection
EndGlobal
